<?xml version="1.0" encoding="utf-8"?>
<Project ToolsVersion="4.0" xmlns="http://schemas.microsoft.com/developer/msbuild/2003">
  <ItemGroup>
    <Filter Include="Pliki źródłowe">
      <UniqueIdentifier>{4FC737F1-C7A5-4376-A066-2A32D752A2FF}</UniqueIdentifier>
      <Extensions>cpp;c;cc;cxx;c++;cppm;ixx;def;odl;idl;hpj;bat;asm;asmx</Extensions>
    </Filter>
    <Filter Include="Pliki nagłówkowe">
      <UniqueIdentifier>{93995380-89BD-4b04-88EB-625FBE52EBFB}</UniqueIdentifier>
      <Extensions>h;hh;hpp;hxx;h++;hm;inl;inc;ipp;xsd</Extensions>
    </Filter>
    <Filter Include="Pliki zasobów">
      <UniqueIdentifier>{67DA6AB6-F800-4c08-8B7A-83BB121AAD01}</UniqueIdentifier>
      <Extensions>rc;ico;cur;bmp;dlg;rc2;rct;bin;rgs;gif;jpg;jpeg;jpe;resx;tiff;tif;png;wav;mfcribbon-ms</Extensions>
    </Filter>
    <Filter Include="Examples">
      <UniqueIdentifier>{32c1355f-f18a-41b7-a09d-cef3257f1f96}</UniqueIdentifier>
    </Filter>
    <Filter Include="Preambules">
      <UniqueIdentifier>{da255820-814c-4286-9053-2428f0cd53d9}</UniqueIdentifier>
    </Filter>
    <Filter Include="Preambules\Function">
      <UniqueIdentifier>{999e838f-fa92-4d8d-ae7e-de6119547125}</UniqueIdentifier>
    </Filter>
    <Filter Include="Preambules\Procedure">
      <UniqueIdentifier>{1864396f-4eec-4d69-a51e-0dc45f43e109}</UniqueIdentifier>
    </Filter>
    <Filter Include="Preambules\Type">
      <UniqueIdentifier>{2ab9116b-fc44-4208-be71-d3ba04bc3732}</UniqueIdentifier>
    </Filter>
  </ItemGroup>
  <ItemGroup>
    <ClCompile Include="src\CodeLocation.cpp">
      <Filter>Pliki źródłowe</Filter>
    </ClCompile>
    <ClCompile Include="src\core.cpp">
      <Filter>Pliki źródłowe</Filter>
    </ClCompile>
    <ClCompile Include="src\StringUtility.cpp">
      <Filter>Pliki źródłowe</Filter>
    </ClCompile>
    <ClCompile Include="src\MetaLexer.cpp">
      <Filter>Pliki źródłowe</Filter>
    </ClCompile>
    <ClCompile Include="src\PreambleDefinition.cpp">
      <Filter>Pliki źródłowe</Filter>
    </ClCompile>
    <ClCompile Include="src\PreambleRepository.cpp">
      <Filter>Pliki źródłowe</Filter>
    </ClCompile>
    <ClCompile Include="src\TODO.cpp">
      <Filter>Pliki źródłowe</Filter>
    </ClCompile>
    <ClCompile Include="src\Token.cpp">
      <Filter>Pliki źródłowe</Filter>
    </ClCompile>
    <ClCompile Include="src\VirtualFile.cpp">
      <Filter>Pliki źródłowe</Filter>
    </ClCompile>
    <ClCompile Include="Preambles\Function\Lexer.cpp">
      <Filter>Preambules\Function</Filter>
    </ClCompile>
    <ClCompile Include="Preambles\Procedure\Lexer.cpp">
      <Filter>Preambules\Procedure</Filter>
    </ClCompile>
    <ClCompile Include="Preambles\Type\Lexer.cpp">
      <Filter>Preambules\Type</Filter>
    </ClCompile>
    <ClCompile Include="Parser.cpp">
      <Filter>Preambules\Procedure</Filter>
    </ClCompile>
  </ItemGroup>
  <ItemGroup>
    <ClInclude Include="headers\Enumerate.h">
      <Filter>Pliki nagłówkowe</Filter>
    </ClInclude>
    <ClInclude Include="headers\MetaLexer.h">
      <Filter>Pliki nagłówkowe</Filter>
    </ClInclude>
    <ClInclude Include="headers\PreambleDefinition.h">
      <Filter>Pliki nagłówkowe</Filter>
    </ClInclude>
    <ClInclude Include="headers\PreambleRepository.h">
      <Filter>Pliki nagłówkowe</Filter>
    </ClInclude>
    <ClInclude Include="headers\StringUtility.h">
      <Filter>Pliki nagłówkowe</Filter>
    </ClInclude>
    <ClInclude Include="headers\TODO.h">
      <Filter>Pliki nagłówkowe</Filter>
    </ClInclude>
    <ClInclude Include="headers\Token.h">
      <Filter>Pliki nagłówkowe</Filter>
    </ClInclude>
    <ClInclude Include="headers\VirtualFile.h">
      <Filter>Pliki nagłówkowe</Filter>
    </ClInclude>
    <ClInclude Include="headers\CodeLocation.h">
      <Filter>Pliki nagłówkowe</Filter>
    </ClInclude>
    <ClInclude Include="Preambles\Function\Lexer.h">
      <Filter>Preambules\Function</Filter>
    </ClInclude>
    <ClInclude Include="Preambles\Procedure\Lexer.h">
      <Filter>Preambules\Procedure</Filter>
    </ClInclude>
    <ClInclude Include="Preambles\Type\Lexer.h">
      <Filter>Preambules\Type</Filter>
    </ClInclude>
    <ClInclude Include="Preambles\Procedure\OperatorDefinition.h">
      <Filter>Preambules\Procedure</Filter>
    </ClInclude>
    <ClInclude Include="Parser.h">
      <Filter>Preambules\Procedure</Filter>
    </ClInclude>
  </ItemGroup>
  <ItemGroup>
    <None Include="..\examples\example1.dog" />
  </ItemGroup>
</Project>